{
  "originHash" : "f6965dbb21182766e4fb6fcdb4e9e0ee5709880b753e6869dea8304795cdcfa5",
  "pins" : [
    {
      "identity" : "cloudxr-framework",
      "kind" : "remoteSourceControl",
      "location" : "https://github.com/arjundube-nv/cloudxr-framework",
      "state" : {
        "branch" : "staging/5.0.1",
        "revision" : "8368c9269377c024d21eb75e2b96578b50dd77ad"
      }
    }
  ],
  "version" : 3
}
